
Microsoft Visual Studio Solution File, Format Version 12.00
# Visual Studio Version 17
VisualStudioVersion = 17.0.31903.59
MinimumVisualStudioVersion = 10.0.40219.1
Project("{9A19103F-16F7-4668-BE54-9A1E7A4F7556}") = "P01_Delegates", "P01_Delegates\P01_Delegates.csproj", "{9F1AF65A-7361-4938-B86C-6EE33B42EAF9}"
EndProject
Project("{9A19103F-16F7-4668-BE54-9A1E7A4F7556}") = "P02_AnonymousMethods", "P02_AnonymousMethods\P02_AnonymousMethods.csproj", "{68AB37AC-2E8C-46A4-B7F8-8A4A6E593886}"
EndProject
Project("{9A19103F-16F7-4668-BE54-9A1E7A4F7556}") = "P03_LambdaExpressions", "P03_LambdaExpressions\P03_LambdaExpressions.csproj", "{53986A36-2CA6-4CD2-8097-CF3A7232D78C}"
EndProject
Project("{9A19103F-16F7-4668-BE54-9A1E7A4F7556}") = "P04_Events", "P04_Events\P04_Events.csproj", "{0C7B911F-A688-491E-8EDC-8C427FF7720A}"
EndProject
Project("{9A19103F-16F7-4668-BE54-9A1E7A4F7556}") = "P04b_ManyEvents", "P04b_ManyEvents\P04b_ManyEvents.csproj", "{7A35112B-9681-4283-9A67-09B73B63A669}"
EndProject
Project("{FAE04EC0-301F-11D3-BF4B-00C04F79EFBC}") = "P05_MethodGroups", "P05_MethodGroups\P05_MethodGroups.csproj", "{4024B4D3-B71A-4094-A5E1-8EEF0B78C158}"
EndProject
Global
	GlobalSection(SolutionConfigurationPlatforms) = preSolution
		Debug|Any CPU = Debug|Any CPU
		Release|Any CPU = Release|Any CPU
	EndGlobalSection
	GlobalSection(ProjectConfigurationPlatforms) = postSolution
		{9F1AF65A-7361-4938-B86C-6EE33B42EAF9}.Debug|Any CPU.ActiveCfg = Debug|Any CPU
		{9F1AF65A-7361-4938-B86C-6EE33B42EAF9}.Debug|Any CPU.Build.0 = Debug|Any CPU
		{9F1AF65A-7361-4938-B86C-6EE33B42EAF9}.Release|Any CPU.ActiveCfg = Release|Any CPU
		{9F1AF65A-7361-4938-B86C-6EE33B42EAF9}.Release|Any CPU.Build.0 = Release|Any CPU
		{68AB37AC-2E8C-46A4-B7F8-8A4A6E593886}.Debug|Any CPU.ActiveCfg = Debug|Any CPU
		{68AB37AC-2E8C-46A4-B7F8-8A4A6E593886}.Debug|Any CPU.Build.0 = Debug|Any CPU
		{68AB37AC-2E8C-46A4-B7F8-8A4A6E593886}.Release|Any CPU.ActiveCfg = Release|Any CPU
		{68AB37AC-2E8C-46A4-B7F8-8A4A6E593886}.Release|Any CPU.Build.0 = Release|Any CPU
		{53986A36-2CA6-4CD2-8097-CF3A7232D78C}.Debug|Any CPU.ActiveCfg = Debug|Any CPU
		{53986A36-2CA6-4CD2-8097-CF3A7232D78C}.Debug|Any CPU.Build.0 = Debug|Any CPU
		{53986A36-2CA6-4CD2-8097-CF3A7232D78C}.Release|Any CPU.ActiveCfg = Release|Any CPU
		{53986A36-2CA6-4CD2-8097-CF3A7232D78C}.Release|Any CPU.Build.0 = Release|Any CPU
		{0C7B911F-A688-491E-8EDC-8C427FF7720A}.Debug|Any CPU.ActiveCfg = Debug|Any CPU
		{0C7B911F-A688-491E-8EDC-8C427FF7720A}.Debug|Any CPU.Build.0 = Debug|Any CPU
		{0C7B911F-A688-491E-8EDC-8C427FF7720A}.Release|Any CPU.ActiveCfg = Release|Any CPU
		{0C7B911F-A688-491E-8EDC-8C427FF7720A}.Release|Any CPU.Build.0 = Release|Any CPU
		{7A35112B-9681-4283-9A67-09B73B63A669}.Debug|Any CPU.ActiveCfg = Debug|Any CPU
		{7A35112B-9681-4283-9A67-09B73B63A669}.Debug|Any CPU.Build.0 = Debug|Any CPU
		{7A35112B-9681-4283-9A67-09B73B63A669}.Release|Any CPU.ActiveCfg = Release|Any CPU
		{7A35112B-9681-4283-9A67-09B73B63A669}.Release|Any CPU.Build.0 = Release|Any CPU
		{4024B4D3-B71A-4094-A5E1-8EEF0B78C158}.Debug|Any CPU.ActiveCfg = Debug|Any CPU
		{4024B4D3-B71A-4094-A5E1-8EEF0B78C158}.Debug|Any CPU.Build.0 = Debug|Any CPU
		{4024B4D3-B71A-4094-A5E1-8EEF0B78C158}.Release|Any CPU.ActiveCfg = Release|Any CPU
		{4024B4D3-B71A-4094-A5E1-8EEF0B78C158}.Release|Any CPU.Build.0 = Release|Any CPU
	EndGlobalSection
	GlobalSection(SolutionProperties) = preSolution
		HideSolutionNode = FALSE
	EndGlobalSection
	GlobalSection(ExtensibilityGlobals) = postSolution
		SolutionGuid = {079E86E1-4293-4EC9-8292-81418A7E9C41}
	EndGlobalSection
EndGlobal
