
Microsoft Visual Studio Solution File, Format Version 12.00
# Visual Studio Version 17
VisualStudioVersion = 17.8.34316.72
MinimumVisualStudioVersion = 10.0.40219.1
Project("{9A19103F-16F7-4668-BE54-9A1E7A4F7556}") = "P06_Threads", "P06_Threads\P06_Threads.csproj", "{8FC017F6-F486-4256-90C7-71E6E1388C2E}"
EndProject
Project("{9A19103F-16F7-4668-BE54-9A1E7A4F7556}") = "P06b_ThreadsLambdaExp", "P06b_ThreadsLambdaExp\P06b_ThreadsLambdaExp.csproj", "{86532256-9514-4E52-A0ED-72EA9A5B3874}"
EndProject
Project("{9A19103F-16F7-4668-BE54-9A1E7A4F7556}") = "P07_BackgroundThreads", "P07_BackgroundThreads\P07_BackgroundThreads.csproj", "{AC41F1DC-4735-4984-920B-9BDEA01F8F5F}"
EndProject
Project("{9A19103F-16F7-4668-BE54-9A1E7A4F7556}") = "P08_ThreadPool", "P08_ThreadPool\P08_ThreadPool.csproj", "{A3006082-5592-4A3D-9702-01A787827C62}"
EndProject
Project("{9A19103F-16F7-4668-BE54-9A1E7A4F7556}") = "P09_Task", "P09_Task\P09_Task.csproj", "{E47AD1AA-A865-406E-A2C1-EF7B041BD0A2}"
EndProject
Project("{9A19103F-16F7-4668-BE54-9A1E7A4F7556}") = "P10_ContinueWith", "P10_ContinueWith\P10_ContinueWith.csproj", "{4D563FA6-E382-4F39-A6DE-2B4D02156151}"
EndProject
Project("{9A19103F-16F7-4668-BE54-9A1E7A4F7556}") = "P11_HandlingExceptions", "P11_HandlingExceptions\P11_HandlingExceptions.csproj", "{EC3B4EA6-2E19-46C7-850C-56A676AE2A7D}"
EndProject
Project("{9A19103F-16F7-4668-BE54-9A1E7A4F7556}") = "P12_AwaitAsync", "P12_AwaitAsync\P12_AwaitAsync.csproj", "{B4C648E2-AEAD-47FB-9064-07328097629F}"
EndProject
Project("{9A19103F-16F7-4668-BE54-9A1E7A4F7556}") = "P13_CancellingOperations", "P13_CancellingOperations\P13_CancellingOperations.csproj", "{6E6D9EBD-DA40-4216-8170-026C18C819F7}"
EndProject
Project("{9A19103F-16F7-4668-BE54-9A1E7A4F7556}") = "P14_AutoResetEvent", "P14_AutoResetEvent\P14_AutoResetEvent.csproj", "{4822FDA3-0D40-4556-8D7A-9D813D9846E9}"
EndProject
Project("{9A19103F-16F7-4668-BE54-9A1E7A4F7556}") = "P14b_AutoResetEventWithTasks", "P14b_AutoResetEventWithTasks\P14b_AutoResetEventWithTasks.csproj", "{F73BB989-BBAA-44B1-A0E0-E3FDE66FF6F5}"
EndProject
Project("{FAE04EC0-301F-11D3-BF4B-00C04F79EFBC}") = "P15_ManualResetEventSlimThreads", "P15_ManualResetEventSlimThreads\P15_ManualResetEventSlimThreads.csproj", "{62E90F51-4EB1-4EFF-AA1F-91DC0049C9ED}"
EndProject
Project("{FAE04EC0-301F-11D3-BF4B-00C04F79EFBC}") = "P15b_ManualResetEventSlimTasks", "P15b_ManualResetEventSlimTasks\P15b_ManualResetEventSlimTasks.csproj", "{F9FFFF2D-AB93-4E38-881B-C28A08C0ED00}"
EndProject
Global
	GlobalSection(SolutionConfigurationPlatforms) = preSolution
		Debug|Any CPU = Debug|Any CPU
		Release|Any CPU = Release|Any CPU
	EndGlobalSection
	GlobalSection(ProjectConfigurationPlatforms) = postSolution
		{8FC017F6-F486-4256-90C7-71E6E1388C2E}.Debug|Any CPU.ActiveCfg = Debug|Any CPU
		{8FC017F6-F486-4256-90C7-71E6E1388C2E}.Debug|Any CPU.Build.0 = Debug|Any CPU
		{8FC017F6-F486-4256-90C7-71E6E1388C2E}.Release|Any CPU.ActiveCfg = Release|Any CPU
		{8FC017F6-F486-4256-90C7-71E6E1388C2E}.Release|Any CPU.Build.0 = Release|Any CPU
		{86532256-9514-4E52-A0ED-72EA9A5B3874}.Debug|Any CPU.ActiveCfg = Debug|Any CPU
		{86532256-9514-4E52-A0ED-72EA9A5B3874}.Debug|Any CPU.Build.0 = Debug|Any CPU
		{86532256-9514-4E52-A0ED-72EA9A5B3874}.Release|Any CPU.ActiveCfg = Release|Any CPU
		{86532256-9514-4E52-A0ED-72EA9A5B3874}.Release|Any CPU.Build.0 = Release|Any CPU
		{AC41F1DC-4735-4984-920B-9BDEA01F8F5F}.Debug|Any CPU.ActiveCfg = Debug|Any CPU
		{AC41F1DC-4735-4984-920B-9BDEA01F8F5F}.Debug|Any CPU.Build.0 = Debug|Any CPU
		{AC41F1DC-4735-4984-920B-9BDEA01F8F5F}.Release|Any CPU.ActiveCfg = Release|Any CPU
		{AC41F1DC-4735-4984-920B-9BDEA01F8F5F}.Release|Any CPU.Build.0 = Release|Any CPU
		{A3006082-5592-4A3D-9702-01A787827C62}.Debug|Any CPU.ActiveCfg = Debug|Any CPU
		{A3006082-5592-4A3D-9702-01A787827C62}.Debug|Any CPU.Build.0 = Debug|Any CPU
		{A3006082-5592-4A3D-9702-01A787827C62}.Release|Any CPU.ActiveCfg = Release|Any CPU
		{A3006082-5592-4A3D-9702-01A787827C62}.Release|Any CPU.Build.0 = Release|Any CPU
		{E47AD1AA-A865-406E-A2C1-EF7B041BD0A2}.Debug|Any CPU.ActiveCfg = Debug|Any CPU
		{E47AD1AA-A865-406E-A2C1-EF7B041BD0A2}.Debug|Any CPU.Build.0 = Debug|Any CPU
		{E47AD1AA-A865-406E-A2C1-EF7B041BD0A2}.Release|Any CPU.ActiveCfg = Release|Any CPU
		{E47AD1AA-A865-406E-A2C1-EF7B041BD0A2}.Release|Any CPU.Build.0 = Release|Any CPU
		{4D563FA6-E382-4F39-A6DE-2B4D02156151}.Debug|Any CPU.ActiveCfg = Debug|Any CPU
		{4D563FA6-E382-4F39-A6DE-2B4D02156151}.Debug|Any CPU.Build.0 = Debug|Any CPU
		{4D563FA6-E382-4F39-A6DE-2B4D02156151}.Release|Any CPU.ActiveCfg = Release|Any CPU
		{4D563FA6-E382-4F39-A6DE-2B4D02156151}.Release|Any CPU.Build.0 = Release|Any CPU
		{EC3B4EA6-2E19-46C7-850C-56A676AE2A7D}.Debug|Any CPU.ActiveCfg = Debug|Any CPU
		{EC3B4EA6-2E19-46C7-850C-56A676AE2A7D}.Debug|Any CPU.Build.0 = Debug|Any CPU
		{EC3B4EA6-2E19-46C7-850C-56A676AE2A7D}.Release|Any CPU.ActiveCfg = Release|Any CPU
		{EC3B4EA6-2E19-46C7-850C-56A676AE2A7D}.Release|Any CPU.Build.0 = Release|Any CPU
		{B4C648E2-AEAD-47FB-9064-07328097629F}.Debug|Any CPU.ActiveCfg = Debug|Any CPU
		{B4C648E2-AEAD-47FB-9064-07328097629F}.Debug|Any CPU.Build.0 = Debug|Any CPU
		{B4C648E2-AEAD-47FB-9064-07328097629F}.Release|Any CPU.ActiveCfg = Release|Any CPU
		{B4C648E2-AEAD-47FB-9064-07328097629F}.Release|Any CPU.Build.0 = Release|Any CPU
		{6E6D9EBD-DA40-4216-8170-026C18C819F7}.Debug|Any CPU.ActiveCfg = Debug|Any CPU
		{6E6D9EBD-DA40-4216-8170-026C18C819F7}.Debug|Any CPU.Build.0 = Debug|Any CPU
		{6E6D9EBD-DA40-4216-8170-026C18C819F7}.Release|Any CPU.ActiveCfg = Release|Any CPU
		{6E6D9EBD-DA40-4216-8170-026C18C819F7}.Release|Any CPU.Build.0 = Release|Any CPU
		{4822FDA3-0D40-4556-8D7A-9D813D9846E9}.Debug|Any CPU.ActiveCfg = Debug|Any CPU
		{4822FDA3-0D40-4556-8D7A-9D813D9846E9}.Debug|Any CPU.Build.0 = Debug|Any CPU
		{4822FDA3-0D40-4556-8D7A-9D813D9846E9}.Release|Any CPU.ActiveCfg = Release|Any CPU
		{4822FDA3-0D40-4556-8D7A-9D813D9846E9}.Release|Any CPU.Build.0 = Release|Any CPU
		{F73BB989-BBAA-44B1-A0E0-E3FDE66FF6F5}.Debug|Any CPU.ActiveCfg = Debug|Any CPU
		{F73BB989-BBAA-44B1-A0E0-E3FDE66FF6F5}.Debug|Any CPU.Build.0 = Debug|Any CPU
		{F73BB989-BBAA-44B1-A0E0-E3FDE66FF6F5}.Release|Any CPU.ActiveCfg = Release|Any CPU
		{F73BB989-BBAA-44B1-A0E0-E3FDE66FF6F5}.Release|Any CPU.Build.0 = Release|Any CPU
		{62E90F51-4EB1-4EFF-AA1F-91DC0049C9ED}.Debug|Any CPU.ActiveCfg = Debug|Any CPU
		{62E90F51-4EB1-4EFF-AA1F-91DC0049C9ED}.Debug|Any CPU.Build.0 = Debug|Any CPU
		{62E90F51-4EB1-4EFF-AA1F-91DC0049C9ED}.Release|Any CPU.ActiveCfg = Release|Any CPU
		{62E90F51-4EB1-4EFF-AA1F-91DC0049C9ED}.Release|Any CPU.Build.0 = Release|Any CPU
		{F9FFFF2D-AB93-4E38-881B-C28A08C0ED00}.Debug|Any CPU.ActiveCfg = Debug|Any CPU
		{F9FFFF2D-AB93-4E38-881B-C28A08C0ED00}.Debug|Any CPU.Build.0 = Debug|Any CPU
		{F9FFFF2D-AB93-4E38-881B-C28A08C0ED00}.Release|Any CPU.ActiveCfg = Release|Any CPU
		{F9FFFF2D-AB93-4E38-881B-C28A08C0ED00}.Release|Any CPU.Build.0 = Release|Any CPU
	EndGlobalSection
	GlobalSection(SolutionProperties) = preSolution
		HideSolutionNode = FALSE
	EndGlobalSection
	GlobalSection(ExtensibilityGlobals) = postSolution
		SolutionGuid = {5C2C4147-DD7B-428B-B929-8E6A9094C8AF}
	EndGlobalSection
EndGlobal
