
Microsoft Visual Studio Solution File, Format Version 12.00
# Visual Studio Version 17
VisualStudioVersion = 17.8.34316.72
MinimumVisualStudioVersion = 10.0.40219.1
Project("{FAE04EC0-301F-11D3-BF4B-00C04F79EFBC}") = "BlazorApp1", "BlazorApp1\BlazorApp1.csproj", "{7CC968F8-7F09-430F-A3E4-2B2C9DE2A0FD}"
EndProject
Global
	GlobalSection(SolutionConfigurationPlatforms) = preSolution
		Debug|Any CPU = Debug|Any CPU
		Release|Any CPU = Release|Any CPU
	EndGlobalSection
	GlobalSection(ProjectConfigurationPlatforms) = postSolution
		{7CC968F8-7F09-430F-A3E4-2B2C9DE2A0FD}.Debug|Any CPU.ActiveCfg = Debug|Any CPU
		{7CC968F8-7F09-430F-A3E4-2B2C9DE2A0FD}.Debug|Any CPU.Build.0 = Debug|Any CPU
		{7CC968F8-7F09-430F-A3E4-2B2C9DE2A0FD}.Release|Any CPU.ActiveCfg = Release|Any CPU
		{7CC968F8-7F09-430F-A3E4-2B2C9DE2A0FD}.Release|Any CPU.Build.0 = Release|Any CPU
	EndGlobalSection
	GlobalSection(SolutionProperties) = preSolution
		HideSolutionNode = FALSE
	EndGlobalSection
	GlobalSection(ExtensibilityGlobals) = postSolution
		SolutionGuid = {9B5D8690-0928-40DF-A5E8-479613B499A9}
	EndGlobalSection
EndGlobal
