
Microsoft Visual Studio Solution File, Format Version 12.00
# Visual Studio Version 17
VisualStudioVersion = 17.4.33213.308
MinimumVisualStudioVersion = 10.0.40219.1
Project("{FAE04EC0-301F-11D3-BF4B-00C04F79EFBC}") = "Dummy_ScottPlot", "Dummy_ScottPlot\Dummy_ScottPlot.csproj", "{63DBF559-2BFD-4AB0-9C11-2B15D07A223D}"
EndProject
Global
	GlobalSection(SolutionConfigurationPlatforms) = preSolution
		Debug|Any CPU = Debug|Any CPU
		Release|Any CPU = Release|Any CPU
	EndGlobalSection
	GlobalSection(ProjectConfigurationPlatforms) = postSolution
		{63DBF559-2BFD-4AB0-9C11-2B15D07A223D}.Debug|Any CPU.ActiveCfg = Debug|Any CPU
		{63DBF559-2BFD-4AB0-9C11-2B15D07A223D}.Debug|Any CPU.Build.0 = Debug|Any CPU
		{63DBF559-2BFD-4AB0-9C11-2B15D07A223D}.Release|Any CPU.ActiveCfg = Release|Any CPU
		{63DBF559-2BFD-4AB0-9C11-2B15D07A223D}.Release|Any CPU.Build.0 = Release|Any CPU
	EndGlobalSection
	GlobalSection(SolutionProperties) = preSolution
		HideSolutionNode = FALSE
	EndGlobalSection
	GlobalSection(ExtensibilityGlobals) = postSolution
		SolutionGuid = {408F6D33-C443-4373-9906-C5BBF213088F}
	EndGlobalSection
EndGlobal
